
Microsoft Visual Studio Solution File, Format Version 12.00
# Visual Studio Version 16
VisualStudioVersion = 16.0.30621.155
MinimumVisualStudioVersion = 10.0.40219.1
Project("{FAE04EC0-301F-11D3-BF4B-00C04F79EFBC}") = "Boogle_Gourri_TDI", "Boogle_Gourri_TDI\Boogle_Gourri_TDI.csproj", "{52AB65F0-B94C-440C-9160-5EC96722D390}"
EndProject
Project("{FAE04EC0-301F-11D3-BF4B-00C04F79EFBC}") = "Projet_Test_Unitaire", "Projet_Test_Unitaire\Projet_Test_Unitaire.csproj", "{325BDE59-921E-4BE0-AC0C-00C560A1FDE1}"
EndProject
Global
	GlobalSection(SolutionConfigurationPlatforms) = preSolution
		Debug|Any CPU = Debug|Any CPU
		Release|Any CPU = Release|Any CPU
	EndGlobalSection
	GlobalSection(ProjectConfigurationPlatforms) = postSolution
		{52AB65F0-B94C-440C-9160-5EC96722D390}.Debug|Any CPU.ActiveCfg = Debug|Any CPU
		{52AB65F0-B94C-440C-9160-5EC96722D390}.Debug|Any CPU.Build.0 = Debug|Any CPU
		{52AB65F0-B94C-440C-9160-5EC96722D390}.Release|Any CPU.ActiveCfg = Release|Any CPU
		{52AB65F0-B94C-440C-9160-5EC96722D390}.Release|Any CPU.Build.0 = Release|Any CPU
		{325BDE59-921E-4BE0-AC0C-00C560A1FDE1}.Debug|Any CPU.ActiveCfg = Debug|Any CPU
		{325BDE59-921E-4BE0-AC0C-00C560A1FDE1}.Debug|Any CPU.Build.0 = Debug|Any CPU
		{325BDE59-921E-4BE0-AC0C-00C560A1FDE1}.Release|Any CPU.ActiveCfg = Release|Any CPU
		{325BDE59-921E-4BE0-AC0C-00C560A1FDE1}.Release|Any CPU.Build.0 = Release|Any CPU
	EndGlobalSection
	GlobalSection(SolutionProperties) = preSolution
		HideSolutionNode = FALSE
	EndGlobalSection
	GlobalSection(ExtensibilityGlobals) = postSolution
		SolutionGuid = {3797ED5E-F51A-45E7-8857-F4DF45CE0208}
	EndGlobalSection
EndGlobal
